
Microsoft Visual Studio Solution File, Format Version 12.00
# Visual Studio Version 16
VisualStudioVersion = 16.0.31313.79
MinimumVisualStudioVersion = 10.0.40219.1
Project("{FAE04EC0-301F-11D3-BF4B-00C04F79EFBC}") = "Exercicio_LacosAninhadosEBreak", "Exercicio_LacosAninhadosEBreak.csproj", "{36EB7D2B-5670-467D-A553-A8C8E3D658E6}"
EndProject
Global
	GlobalSection(SolutionConfigurationPlatforms) = preSolution
		Debug|Any CPU = Debug|Any CPU
		Release|Any CPU = Release|Any CPU
	EndGlobalSection
	GlobalSection(ProjectConfigurationPlatforms) = postSolution
		{36EB7D2B-5670-467D-A553-A8C8E3D658E6}.Debug|Any CPU.ActiveCfg = Debug|Any CPU
		{36EB7D2B-5670-467D-A553-A8C8E3D658E6}.Debug|Any CPU.Build.0 = Debug|Any CPU
		{36EB7D2B-5670-467D-A553-A8C8E3D658E6}.Release|Any CPU.ActiveCfg = Release|Any CPU
		{36EB7D2B-5670-467D-A553-A8C8E3D658E6}.Release|Any CPU.Build.0 = Release|Any CPU
	EndGlobalSection
	GlobalSection(SolutionProperties) = preSolution
		HideSolutionNode = FALSE
	EndGlobalSection
	GlobalSection(ExtensibilityGlobals) = postSolution
		SolutionGuid = {C755020F-E24C-4D5A-A276-0E2C697200C1}
	EndGlobalSection
EndGlobal
